
Microsoft Visual Studio Solution File, Format Version 12.00
# Visual Studio 2012
Project("{FAE04EC0-301F-11D3-BF4B-00C04F79EFBC}") = "homework 1", "homework 1\homework 1.csproj", "{B153F231-19D1-4CEF-8C30-309225FF9917}"
EndProject
Project("{2150E333-8FDC-42A3-9474-1A3956D46DE8}") = "Solution Items", "Solution Items", "{E0401814-8DDF-489E-9F3C-4B21747EF267}"
	ProjectSection(SolutionItems) = preProject
		Exercises.txt = Exercises.txt
	EndProjectSection
EndProject
Global
	GlobalSection(SolutionConfigurationPlatforms) = preSolution
		Debug|Any CPU = Debug|Any CPU
		Release|Any CPU = Release|Any CPU
	EndGlobalSection
	GlobalSection(ProjectConfigurationPlatforms) = postSolution
		{B153F231-19D1-4CEF-8C30-309225FF9917}.Debug|Any CPU.ActiveCfg = Debug|Any CPU
		{B153F231-19D1-4CEF-8C30-309225FF9917}.Debug|Any CPU.Build.0 = Debug|Any CPU
		{B153F231-19D1-4CEF-8C30-309225FF9917}.Release|Any CPU.ActiveCfg = Release|Any CPU
		{B153F231-19D1-4CEF-8C30-309225FF9917}.Release|Any CPU.Build.0 = Release|Any CPU
	EndGlobalSection
	GlobalSection(SolutionProperties) = preSolution
		HideSolutionNode = FALSE
	EndGlobalSection
EndGlobal
