
Microsoft Visual Studio Solution File, Format Version 12.00
# Visual Studio 2012
Project("{FAE04EC0-301F-11D3-BF4B-00C04F79EFBC}") = "Homework 1", "OOP Defining Classes Part 1\Homework 1.csproj", "{2FE91CBF-BF3A-4670-9B90-79E964E59719}"
EndProject
Global
	GlobalSection(SolutionConfigurationPlatforms) = preSolution
		Debug|Any CPU = Debug|Any CPU
		Release|Any CPU = Release|Any CPU
	EndGlobalSection
	GlobalSection(ProjectConfigurationPlatforms) = postSolution
		{2FE91CBF-BF3A-4670-9B90-79E964E59719}.Debug|Any CPU.ActiveCfg = Debug|Any CPU
		{2FE91CBF-BF3A-4670-9B90-79E964E59719}.Debug|Any CPU.Build.0 = Debug|Any CPU
		{2FE91CBF-BF3A-4670-9B90-79E964E59719}.Release|Any CPU.ActiveCfg = Release|Any CPU
		{2FE91CBF-BF3A-4670-9B90-79E964E59719}.Release|Any CPU.Build.0 = Release|Any CPU
	EndGlobalSection
	GlobalSection(SolutionProperties) = preSolution
		HideSolutionNode = FALSE
	EndGlobalSection
EndGlobal
